
Microsoft Visual Studio Solution File, Format Version 12.00
# Visual Studio 15
VisualStudioVersion = 15.0.28307.757
MinimumVisualStudioVersion = 10.0.40219.1
Project("{9A19103F-16F7-4668-BE54-9A1E7A4F7556}") = "Senai.Opflix.WebApi", "Senai.Opflix.WebApi.csproj", "{42CBB1B2-35E2-4951-9E63-5BB822EFA46B}"
EndProject
Global
	GlobalSection(SolutionConfigurationPlatforms) = preSolution
		Debug|Any CPU = Debug|Any CPU
		Release|Any CPU = Release|Any CPU
	EndGlobalSection
	GlobalSection(ProjectConfigurationPlatforms) = postSolution
		{42CBB1B2-35E2-4951-9E63-5BB822EFA46B}.Debug|Any CPU.ActiveCfg = Debug|Any CPU
		{42CBB1B2-35E2-4951-9E63-5BB822EFA46B}.Debug|Any CPU.Build.0 = Debug|Any CPU
		{42CBB1B2-35E2-4951-9E63-5BB822EFA46B}.Release|Any CPU.ActiveCfg = Release|Any CPU
		{42CBB1B2-35E2-4951-9E63-5BB822EFA46B}.Release|Any CPU.Build.0 = Release|Any CPU
	EndGlobalSection
	GlobalSection(SolutionProperties) = preSolution
		HideSolutionNode = FALSE
	EndGlobalSection
	GlobalSection(ExtensibilityGlobals) = postSolution
		SolutionGuid = {2B76A13E-50B3-46E4-A8BA-4521D0AE15E3}
	EndGlobalSection
EndGlobal
